
Microsoft Visual Studio Solution File, Format Version 12.00
# Visual Studio Version 17
VisualStudioVersion = 17.0.31903.59
MinimumVisualStudioVersion = 10.0.40219.1
Project("{FAE04EC0-301F-11D3-BF4B-00C04F79EFBC}") = "PropertyManager.API", "PropertyManager.API\PropertyManager.API.csproj", "{3406C443-D628-4BEC-9745-13391A855F31}"
EndProject
Project("{FAE04EC0-301F-11D3-BF4B-00C04F79EFBC}") = "PropertyManager.Core", "PropertyManager.Core\PropertyManager.Core.csproj", "{DDE3EF47-1ED4-42E8-BC37-C5D04F8A87B1}"
EndProject
Project("{FAE04EC0-301F-11D3-BF4B-00C04F79EFBC}") = "PropertyManager.Infrastructure", "PropertyManager.Infrastructure\PropertyManager.Infrastructure.csproj", "{FC63EBC5-280B-43FE-9094-E716A42442AD}"
EndProject
Project("{FAE04EC0-301F-11D3-BF4B-00C04F79EFBC}") = "PropertyManager.Tests", "PropertyManager.Tests\PropertyManager.Tests.csproj", "{73A30259-D085-4CD5-8E47-5E7FA9A33EF7}"
EndProject
Global
	GlobalSection(SolutionConfigurationPlatforms) = preSolution
		Debug|Any CPU = Debug|Any CPU
		Debug|x64 = Debug|x64
		Debug|x86 = Debug|x86
		Release|Any CPU = Release|Any CPU
		Release|x64 = Release|x64
		Release|x86 = Release|x86
	EndGlobalSection
	GlobalSection(ProjectConfigurationPlatforms) = postSolution
		{3406C443-D628-4BEC-9745-13391A855F31}.Debug|Any CPU.ActiveCfg = Debug|Any CPU
		{3406C443-D628-4BEC-9745-13391A855F31}.Debug|Any CPU.Build.0 = Debug|Any CPU
		{3406C443-D628-4BEC-9745-13391A855F31}.Debug|x64.ActiveCfg = Debug|Any CPU
		{3406C443-D628-4BEC-9745-13391A855F31}.Debug|x64.Build.0 = Debug|Any CPU
		{3406C443-D628-4BEC-9745-13391A855F31}.Debug|x86.ActiveCfg = Debug|Any CPU
		{3406C443-D628-4BEC-9745-13391A855F31}.Debug|x86.Build.0 = Debug|Any CPU
		{3406C443-D628-4BEC-9745-13391A855F31}.Release|Any CPU.ActiveCfg = Release|Any CPU
		{3406C443-D628-4BEC-9745-13391A855F31}.Release|Any CPU.Build.0 = Release|Any CPU
		{3406C443-D628-4BEC-9745-13391A855F31}.Release|x64.ActiveCfg = Release|Any CPU
		{3406C443-D628-4BEC-9745-13391A855F31}.Release|x64.Build.0 = Release|Any CPU
		{3406C443-D628-4BEC-9745-13391A855F31}.Release|x86.ActiveCfg = Release|Any CPU
		{3406C443-D628-4BEC-9745-13391A855F31}.Release|x86.Build.0 = Release|Any CPU
		{DDE3EF47-1ED4-42E8-BC37-C5D04F8A87B1}.Debug|Any CPU.ActiveCfg = Debug|Any CPU
		{DDE3EF47-1ED4-42E8-BC37-C5D04F8A87B1}.Debug|Any CPU.Build.0 = Debug|Any CPU
		{DDE3EF47-1ED4-42E8-BC37-C5D04F8A87B1}.Debug|x64.ActiveCfg = Debug|Any CPU
		{DDE3EF47-1ED4-42E8-BC37-C5D04F8A87B1}.Debug|x64.Build.0 = Debug|Any CPU
		{DDE3EF47-1ED4-42E8-BC37-C5D04F8A87B1}.Debug|x86.ActiveCfg = Debug|Any CPU
		{DDE3EF47-1ED4-42E8-BC37-C5D04F8A87B1}.Debug|x86.Build.0 = Debug|Any CPU
		{DDE3EF47-1ED4-42E8-BC37-C5D04F8A87B1}.Release|Any CPU.ActiveCfg = Release|Any CPU
		{DDE3EF47-1ED4-42E8-BC37-C5D04F8A87B1}.Release|Any CPU.Build.0 = Release|Any CPU
		{DDE3EF47-1ED4-42E8-BC37-C5D04F8A87B1}.Release|x64.ActiveCfg = Release|Any CPU
		{DDE3EF47-1ED4-42E8-BC37-C5D04F8A87B1}.Release|x64.Build.0 = Release|Any CPU
		{DDE3EF47-1ED4-42E8-BC37-C5D04F8A87B1}.Release|x86.ActiveCfg = Release|Any CPU
		{DDE3EF47-1ED4-42E8-BC37-C5D04F8A87B1}.Release|x86.Build.0 = Release|Any CPU
		{FC63EBC5-280B-43FE-9094-E716A42442AD}.Debug|Any CPU.ActiveCfg = Debug|Any CPU
		{FC63EBC5-280B-43FE-9094-E716A42442AD}.Debug|Any CPU.Build.0 = Debug|Any CPU
		{FC63EBC5-280B-43FE-9094-E716A42442AD}.Debug|x64.ActiveCfg = Debug|Any CPU
		{FC63EBC5-280B-43FE-9094-E716A42442AD}.Debug|x64.Build.0 = Debug|Any CPU
		{FC63EBC5-280B-43FE-9094-E716A42442AD}.Debug|x86.ActiveCfg = Debug|Any CPU
		{FC63EBC5-280B-43FE-9094-E716A42442AD}.Debug|x86.Build.0 = Debug|Any CPU
		{FC63EBC5-280B-43FE-9094-E716A42442AD}.Release|Any CPU.ActiveCfg = Release|Any CPU
		{FC63EBC5-280B-43FE-9094-E716A42442AD}.Release|Any CPU.Build.0 = Release|Any CPU
		{FC63EBC5-280B-43FE-9094-E716A42442AD}.Release|x64.ActiveCfg = Release|Any CPU
		{FC63EBC5-280B-43FE-9094-E716A42442AD}.Release|x64.Build.0 = Release|Any CPU
		{FC63EBC5-280B-43FE-9094-E716A42442AD}.Release|x86.ActiveCfg = Release|Any CPU
		{FC63EBC5-280B-43FE-9094-E716A42442AD}.Release|x86.Build.0 = Release|Any CPU
		{73A30259-D085-4CD5-8E47-5E7FA9A33EF7}.Debug|Any CPU.ActiveCfg = Debug|Any CPU
		{73A30259-D085-4CD5-8E47-5E7FA9A33EF7}.Debug|Any CPU.Build.0 = Debug|Any CPU
		{73A30259-D085-4CD5-8E47-5E7FA9A33EF7}.Debug|x64.ActiveCfg = Debug|Any CPU
		{73A30259-D085-4CD5-8E47-5E7FA9A33EF7}.Debug|x64.Build.0 = Debug|Any CPU
		{73A30259-D085-4CD5-8E47-5E7FA9A33EF7}.Debug|x86.ActiveCfg = Debug|Any CPU
		{73A30259-D085-4CD5-8E47-5E7FA9A33EF7}.Debug|x86.Build.0 = Debug|Any CPU
		{73A30259-D085-4CD5-8E47-5E7FA9A33EF7}.Release|Any CPU.ActiveCfg = Release|Any CPU
		{73A30259-D085-4CD5-8E47-5E7FA9A33EF7}.Release|Any CPU.Build.0 = Release|Any CPU
		{73A30259-D085-4CD5-8E47-5E7FA9A33EF7}.Release|x64.ActiveCfg = Release|Any CPU
		{73A30259-D085-4CD5-8E47-5E7FA9A33EF7}.Release|x64.Build.0 = Release|Any CPU
		{73A30259-D085-4CD5-8E47-5E7FA9A33EF7}.Release|x86.ActiveCfg = Release|Any CPU
		{73A30259-D085-4CD5-8E47-5E7FA9A33EF7}.Release|x86.Build.0 = Release|Any CPU
	EndGlobalSection
	GlobalSection(SolutionProperties) = preSolution
		HideSolutionNode = FALSE
	EndGlobalSection
EndGlobal
